
Microsoft Visual Studio Solution File, Format Version 12.00
# Visual Studio 2012
Project("{FAE04EC0-301F-11D3-BF4B-00C04F79EFBC}") = "Calc.Android", "Calc.Android\Calc.Android.csproj", "{58E41205-F1D0-49A8-9F80-7C344F48F42B}"
EndProject
Project("{FAE04EC0-301F-11D3-BF4B-00C04F79EFBC}") = "Calc.iOS", "Calc.iOS\Calc.iOS.csproj", "{0A19FEB4-4AC0-4208-ABD9-AE19DCE517BD}"
EndProject
Project("{FAE04EC0-301F-11D3-BF4B-00C04F79EFBC}") = "Calc", "Calc\Calc.csproj", "{A6344184-C51A-4E19-B1D2-3327DACC2AE0}"
EndProject
Global
	GlobalSection(SolutionConfigurationPlatforms) = preSolution
		Debug|Any CPU = Debug|Any CPU
		Release|Any CPU = Release|Any CPU
		Debug|iPhoneSimulator = Debug|iPhoneSimulator
		Release|iPhoneSimulator = Release|iPhoneSimulator
		Debug|iPhone = Debug|iPhone
		Release|iPhone = Release|iPhone
		Ad-Hoc|iPhone = Ad-Hoc|iPhone
		AppStore|iPhone = AppStore|iPhone
	EndGlobalSection
	GlobalSection(ProjectConfigurationPlatforms) = postSolution
		{58E41205-F1D0-49A8-9F80-7C344F48F42B}.Debug|Any CPU.ActiveCfg = Debug|Any CPU
		{58E41205-F1D0-49A8-9F80-7C344F48F42B}.Debug|Any CPU.Build.0 = Debug|Any CPU
		{58E41205-F1D0-49A8-9F80-7C344F48F42B}.Release|Any CPU.ActiveCfg = Release|Any CPU
		{58E41205-F1D0-49A8-9F80-7C344F48F42B}.Release|Any CPU.Build.0 = Release|Any CPU
		{58E41205-F1D0-49A8-9F80-7C344F48F42B}.Debug|iPhoneSimulator.ActiveCfg = Debug|Any CPU
		{58E41205-F1D0-49A8-9F80-7C344F48F42B}.Debug|iPhoneSimulator.Build.0 = Debug|Any CPU
		{58E41205-F1D0-49A8-9F80-7C344F48F42B}.Release|iPhoneSimulator.ActiveCfg = Release|Any CPU
		{58E41205-F1D0-49A8-9F80-7C344F48F42B}.Release|iPhoneSimulator.Build.0 = Release|Any CPU
		{58E41205-F1D0-49A8-9F80-7C344F48F42B}.Debug|iPhone.ActiveCfg = Debug|Any CPU
		{58E41205-F1D0-49A8-9F80-7C344F48F42B}.Debug|iPhone.Build.0 = Debug|Any CPU
		{58E41205-F1D0-49A8-9F80-7C344F48F42B}.Release|iPhone.ActiveCfg = Release|Any CPU
		{58E41205-F1D0-49A8-9F80-7C344F48F42B}.Release|iPhone.Build.0 = Release|Any CPU
		{58E41205-F1D0-49A8-9F80-7C344F48F42B}.Ad-Hoc|iPhone.ActiveCfg = Debug|Any CPU
		{58E41205-F1D0-49A8-9F80-7C344F48F42B}.Ad-Hoc|iPhone.Build.0 = Debug|Any CPU
		{58E41205-F1D0-49A8-9F80-7C344F48F42B}.AppStore|iPhone.ActiveCfg = Debug|Any CPU
		{58E41205-F1D0-49A8-9F80-7C344F48F42B}.AppStore|iPhone.Build.0 = Debug|Any CPU
		{0A19FEB4-4AC0-4208-ABD9-AE19DCE517BD}.Debug|Any CPU.ActiveCfg = Debug|iPhoneSimulator
		{0A19FEB4-4AC0-4208-ABD9-AE19DCE517BD}.Debug|Any CPU.Build.0 = Debug|iPhoneSimulator
		{0A19FEB4-4AC0-4208-ABD9-AE19DCE517BD}.Release|Any CPU.ActiveCfg = Release|iPhoneSimulator
		{0A19FEB4-4AC0-4208-ABD9-AE19DCE517BD}.Release|Any CPU.Build.0 = Release|iPhoneSimulator
		{0A19FEB4-4AC0-4208-ABD9-AE19DCE517BD}.Debug|iPhoneSimulator.ActiveCfg = Debug|iPhoneSimulator
		{0A19FEB4-4AC0-4208-ABD9-AE19DCE517BD}.Debug|iPhoneSimulator.Build.0 = Debug|iPhoneSimulator
		{0A19FEB4-4AC0-4208-ABD9-AE19DCE517BD}.Release|iPhoneSimulator.ActiveCfg = Release|iPhoneSimulator
		{0A19FEB4-4AC0-4208-ABD9-AE19DCE517BD}.Release|iPhoneSimulator.Build.0 = Release|iPhoneSimulator
		{0A19FEB4-4AC0-4208-ABD9-AE19DCE517BD}.Debug|iPhone.ActiveCfg = Debug|iPhone
		{0A19FEB4-4AC0-4208-ABD9-AE19DCE517BD}.Debug|iPhone.Build.0 = Debug|iPhone
		{0A19FEB4-4AC0-4208-ABD9-AE19DCE517BD}.Release|iPhone.ActiveCfg = Release|iPhone
		{0A19FEB4-4AC0-4208-ABD9-AE19DCE517BD}.Release|iPhone.Build.0 = Release|iPhone
		{0A19FEB4-4AC0-4208-ABD9-AE19DCE517BD}.Ad-Hoc|iPhone.ActiveCfg = Ad-Hoc|iPhone
		{0A19FEB4-4AC0-4208-ABD9-AE19DCE517BD}.Ad-Hoc|iPhone.Build.0 = Ad-Hoc|iPhone
		{0A19FEB4-4AC0-4208-ABD9-AE19DCE517BD}.AppStore|iPhone.ActiveCfg = AppStore|iPhone
		{0A19FEB4-4AC0-4208-ABD9-AE19DCE517BD}.AppStore|iPhone.Build.0 = AppStore|iPhone
		{A6344184-C51A-4E19-B1D2-3327DACC2AE0}.Debug|Any CPU.ActiveCfg = Debug|Any CPU
		{A6344184-C51A-4E19-B1D2-3327DACC2AE0}.Debug|Any CPU.Build.0 = Debug|Any CPU
		{A6344184-C51A-4E19-B1D2-3327DACC2AE0}.Release|Any CPU.ActiveCfg = Release|Any CPU
		{A6344184-C51A-4E19-B1D2-3327DACC2AE0}.Release|Any CPU.Build.0 = Release|Any CPU
		{A6344184-C51A-4E19-B1D2-3327DACC2AE0}.Debug|iPhoneSimulator.ActiveCfg = Debug|Any CPU
		{A6344184-C51A-4E19-B1D2-3327DACC2AE0}.Debug|iPhoneSimulator.Build.0 = Debug|Any CPU
		{A6344184-C51A-4E19-B1D2-3327DACC2AE0}.Release|iPhoneSimulator.ActiveCfg = Release|Any CPU
		{A6344184-C51A-4E19-B1D2-3327DACC2AE0}.Release|iPhoneSimulator.Build.0 = Release|Any CPU
		{A6344184-C51A-4E19-B1D2-3327DACC2AE0}.Debug|iPhone.ActiveCfg = Debug|Any CPU
		{A6344184-C51A-4E19-B1D2-3327DACC2AE0}.Debug|iPhone.Build.0 = Debug|Any CPU
		{A6344184-C51A-4E19-B1D2-3327DACC2AE0}.Release|iPhone.ActiveCfg = Release|Any CPU
		{A6344184-C51A-4E19-B1D2-3327DACC2AE0}.Release|iPhone.Build.0 = Release|Any CPU
		{A6344184-C51A-4E19-B1D2-3327DACC2AE0}.Ad-Hoc|iPhone.ActiveCfg = Debug|Any CPU
		{A6344184-C51A-4E19-B1D2-3327DACC2AE0}.Ad-Hoc|iPhone.Build.0 = Debug|Any CPU
		{A6344184-C51A-4E19-B1D2-3327DACC2AE0}.AppStore|iPhone.ActiveCfg = Debug|Any CPU
		{A6344184-C51A-4E19-B1D2-3327DACC2AE0}.AppStore|iPhone.Build.0 = Debug|Any CPU
	EndGlobalSection
EndGlobal
